
Microsoft Visual Studio Solution File, Format Version 12.00
Project("{2150E333-8FDC-42A3-9474-1A3956D46DE8}") = "Core", "Core", "{FC354656-5617-41AF-98AE-A65682FB1ADB}"
EndProject
Project("{2150E333-8FDC-42A3-9474-1A3956D46DE8}") = "Infrastructure", "Infrastructure", "{990CBE41-DB2B-47C2-90C8-2C3E83ADBB77}"
EndProject
Project("{FAE04EC0-301F-11D3-BF4B-00C04F79EFBC}") = "Domain", "Domain\Domain.csproj", "{5D95F073-E26E-48E8-B9EE-E600C481044B}"
EndProject
Project("{FAE04EC0-301F-11D3-BF4B-00C04F79EFBC}") = "Application", "Application\Application.csproj", "{E9F1861F-0468-4073-A66B-C88F9420DA1A}"
EndProject
Project("{2150E333-8FDC-42A3-9474-1A3956D46DE8}") = "Presentation", "Presentation", "{90808770-3AB2-458A-9CF6-EA12A5C90E43}"
EndProject
Project("{FAE04EC0-301F-11D3-BF4B-00C04F79EFBC}") = "WebApi", "WebApi\WebApi.csproj", "{6A488DAD-60C8-457F-A089-DB45F9F21819}"
EndProject
Project("{FAE04EC0-301F-11D3-BF4B-00C04F79EFBC}") = "Persistance", "Persistance\Persistance.csproj", "{9025C53D-9D2C-4261-B82B-CB57BAF0A264}"
EndProject
Project("{FAE04EC0-301F-11D3-BF4B-00C04F79EFBC}") = "FileService", "FileService\FileService.csproj", "{859DE771-10B9-44B3-A224-E18BD2076BF0}"
EndProject
Global
	GlobalSection(SolutionConfigurationPlatforms) = preSolution
		Debug|Any CPU = Debug|Any CPU
		Release|Any CPU = Release|Any CPU
	EndGlobalSection
	GlobalSection(ProjectConfigurationPlatforms) = postSolution
		{5D95F073-E26E-48E8-B9EE-E600C481044B}.Debug|Any CPU.ActiveCfg = Debug|Any CPU
		{5D95F073-E26E-48E8-B9EE-E600C481044B}.Debug|Any CPU.Build.0 = Debug|Any CPU
		{5D95F073-E26E-48E8-B9EE-E600C481044B}.Release|Any CPU.ActiveCfg = Release|Any CPU
		{5D95F073-E26E-48E8-B9EE-E600C481044B}.Release|Any CPU.Build.0 = Release|Any CPU
		{E9F1861F-0468-4073-A66B-C88F9420DA1A}.Debug|Any CPU.ActiveCfg = Debug|Any CPU
		{E9F1861F-0468-4073-A66B-C88F9420DA1A}.Debug|Any CPU.Build.0 = Debug|Any CPU
		{E9F1861F-0468-4073-A66B-C88F9420DA1A}.Release|Any CPU.ActiveCfg = Release|Any CPU
		{E9F1861F-0468-4073-A66B-C88F9420DA1A}.Release|Any CPU.Build.0 = Release|Any CPU
		{6A488DAD-60C8-457F-A089-DB45F9F21819}.Debug|Any CPU.ActiveCfg = Debug|Any CPU
		{6A488DAD-60C8-457F-A089-DB45F9F21819}.Debug|Any CPU.Build.0 = Debug|Any CPU
		{6A488DAD-60C8-457F-A089-DB45F9F21819}.Release|Any CPU.ActiveCfg = Release|Any CPU
		{6A488DAD-60C8-457F-A089-DB45F9F21819}.Release|Any CPU.Build.0 = Release|Any CPU
		{9025C53D-9D2C-4261-B82B-CB57BAF0A264}.Debug|Any CPU.ActiveCfg = Debug|Any CPU
		{9025C53D-9D2C-4261-B82B-CB57BAF0A264}.Debug|Any CPU.Build.0 = Debug|Any CPU
		{9025C53D-9D2C-4261-B82B-CB57BAF0A264}.Release|Any CPU.ActiveCfg = Release|Any CPU
		{9025C53D-9D2C-4261-B82B-CB57BAF0A264}.Release|Any CPU.Build.0 = Release|Any CPU
		{859DE771-10B9-44B3-A224-E18BD2076BF0}.Debug|Any CPU.ActiveCfg = Debug|Any CPU
		{859DE771-10B9-44B3-A224-E18BD2076BF0}.Debug|Any CPU.Build.0 = Debug|Any CPU
		{859DE771-10B9-44B3-A224-E18BD2076BF0}.Release|Any CPU.ActiveCfg = Release|Any CPU
		{859DE771-10B9-44B3-A224-E18BD2076BF0}.Release|Any CPU.Build.0 = Release|Any CPU
	EndGlobalSection
	GlobalSection(NestedProjects) = preSolution
		{5D95F073-E26E-48E8-B9EE-E600C481044B} = {FC354656-5617-41AF-98AE-A65682FB1ADB}
		{E9F1861F-0468-4073-A66B-C88F9420DA1A} = {FC354656-5617-41AF-98AE-A65682FB1ADB}
		{6A488DAD-60C8-457F-A089-DB45F9F21819} = {90808770-3AB2-458A-9CF6-EA12A5C90E43}
		{9025C53D-9D2C-4261-B82B-CB57BAF0A264} = {990CBE41-DB2B-47C2-90C8-2C3E83ADBB77}
		{859DE771-10B9-44B3-A224-E18BD2076BF0} = {990CBE41-DB2B-47C2-90C8-2C3E83ADBB77}
	EndGlobalSection
EndGlobal
